// !$*UTF8*$!
{
	archiveVersion = 1;
	classes = {
	};
	objectVersion = 50;
	objects = {

/* Begin PBXBuildFile section */
		9DFBE89521413E10003EE815 /* AppDelegate.m in Sources */ = {isa = PBXBuildFile; fileRef = 9DFBE89421413E10003EE815 /* AppDelegate.m */; };
		9DFBE89821413E10003EE815 /* ViewController.m in Sources */ = {isa = PBXBuildFile; fileRef = 9DFBE89721413E10003EE815 /* ViewController.m */; };
		9DFBE89B21413E10003EE815 /* Main.storyboard in Resources */ = {isa = PBXBuildFile; fileRef = 9DFBE89921413E10003EE815 /* Main.storyboard */; };
		9DFBE89D21413E11003EE815 /* Assets.xcassets in Resources */ = {isa = PBXBuildFile; fileRef = 9DFBE89C21413E11003EE815 /* Assets.xcassets */; };
		9DFBE8A021413E11003EE815 /* LaunchScreen.storyboard in Resources */ = {isa = PBXBuildFile; fileRef = 9DFBE89E21413E11003EE815 /* LaunchScreen.storyboard */; };
		9DFBE8A321413E11003EE815 /* main.m in Sources */ = {isa = PBXBuildFile; fileRef = 9DFBE8A221413E11003EE815 /* main.m */; };
		9DFBE8AD21413E11003EE815 /* VKImageZoomTests.m in Sources */ = {isa = PBXBuildFile; fileRef = 9DFBE8AC21413E11003EE815 /* VKImageZoomTests.m */; };
		9DFBE8B821413E11003EE815 /* VKImageZoomUITests.m in Sources */ = {isa = PBXBuildFile; fileRef = 9DFBE8B721413E11003EE815 /* VKImageZoomUITests.m */; };
		9DFBE8CA21413E4A003EE815 /* dahlia_blossom.jpeg in Resources */ = {isa = PBXBuildFile; fileRef = 9DFBE8C621413E4A003EE815 /* dahlia_blossom.jpeg */; };
		9DFBE8CB21413E4A003EE815 /* rose.jpeg in Resources */ = {isa = PBXBuildFile; fileRef = 9DFBE8C721413E4A003EE815 /* rose.jpeg */; };
		9DFBE8CC21413E4A003EE815 /* rose_victor.jpg in Resources */ = {isa = PBXBuildFile; fileRef = 9DFBE8C821413E4A003EE815 /* rose_victor.jpg */; };
		9DFBE8CF21413E66003EE815 /* VKImageZoom.m in Sources */ = {isa = PBXBuildFile; fileRef = 9DFBE8CE21413E66003EE815 /* VKImageZoom.m */; };
/* End PBXBuildFile section */

/* Begin PBXContainerItemProxy section */
		9DFBE8A921413E11003EE815 /* PBXContainerItemProxy */ = {
			isa = PBXContainerItemProxy;
			containerPortal = 9DFBE88821413E10003EE815 /* Project object */;
			proxyType = 1;
			remoteGlobalIDString = 9DFBE88F21413E10003EE815;
			remoteInfo = VKImageZoom;
		};
		9DFBE8B421413E11003EE815 /* PBXContainerItemProxy */ = {
			isa = PBXContainerItemProxy;
			containerPortal = 9DFBE88821413E10003EE815 /* Project object */;
			proxyType = 1;
			remoteGlobalIDString = 9DFBE88F21413E10003EE815;
			remoteInfo = VKImageZoom;
		};
/* End PBXContainerItemProxy section */

/* Begin PBXFileReference section */
		9DFBE89021413E10003EE815 /* VKImageZoom.app */ = {isa = PBXFileReference; explicitFileType = wrapper.application; includeInIndex = 0; path = VKImageZoom.app; sourceTree = BUILT_PRODUCTS_DIR; };
		9DFBE89321413E10003EE815 /* AppDelegate.h */ = {isa = PBXFileReference; lastKnownFileType = sourcecode.c.h; path = AppDelegate.h; sourceTree = "<group>"; };
		9DFBE89421413E10003EE815 /* AppDelegate.m */ = {isa = PBXFileReference; lastKnownFileType = sourcecode.c.objc; path = AppDelegate.m; sourceTree = "<group>"; };
		9DFBE89621413E10003EE815 /* ViewController.h */ = {isa = PBXFileReference; lastKnownFileType = sourcecode.c.h; path = ViewController.h; sourceTree = "<group>"; };
		9DFBE89721413E10003EE815 /* ViewController.m */ = {isa = PBXFileReference; lastKnownFileType = sourcecode.c.objc; path = ViewController.m; sourceTree = "<group>"; };
		9DFBE89A21413E10003EE815 /* Base */ = {isa = PBXFileReference; lastKnownFileType = file.storyboard; name = Base; path = Base.lproj/Main.storyboard; sourceTree = "<group>"; };
		9DFBE89C21413E11003EE815 /* Assets.xcassets */ = {isa = PBXFileReference; lastKnownFileType = folder.assetcatalog; path = Assets.xcassets; sourceTree = "<group>"; };
		9DFBE89F21413E11003EE815 /* Base */ = {isa = PBXFileReference; lastKnownFileType = file.storyboard; name = Base; path = Base.lproj/LaunchScreen.storyboard; sourceTree = "<group>"; };
		9DFBE8A121413E11003EE815 /* Info.plist */ = {isa = PBXFileReference; lastKnownFileType = text.plist.xml; path = Info.plist; sourceTree = "<group>"; };
		9DFBE8A221413E11003EE815 /* main.m */ = {isa = PBXFileReference; lastKnownFileType = sourcecode.c.objc; path = main.m; sourceTree = "<group>"; };
		9DFBE8A821413E11003EE815 /* VKImageZoomTests.xctest */ = {isa = PBXFileReference; explicitFileType = wrapper.cfbundle; includeInIndex = 0; path = VKImageZoomTests.xctest; sourceTree = BUILT_PRODUCTS_DIR; };
		9DFBE8AC21413E11003EE815 /* VKImageZoomTests.m */ = {isa = PBXFileReference; lastKnownFileType = sourcecode.c.objc; path = VKImageZoomTests.m; sourceTree = "<group>"; };
		9DFBE8AE21413E11003EE815 /* Info.plist */ = {isa = PBXFileReference; lastKnownFileType = text.plist.xml; path = Info.plist; sourceTree = "<group>"; };
		9DFBE8B321413E11003EE815 /* VKImageZoomUITests.xctest */ = {isa = PBXFileReference; explicitFileType = wrapper.cfbundle; includeInIndex = 0; path = VKImageZoomUITests.xctest; sourceTree = BUILT_PRODUCTS_DIR; };
		9DFBE8B721413E11003EE815 /* VKImageZoomUITests.m */ = {isa = PBXFileReference; lastKnownFileType = sourcecode.c.objc; path = VKImageZoomUITests.m; sourceTree = "<group>"; };
		9DFBE8B921413E11003EE815 /* Info.plist */ = {isa = PBXFileReference; lastKnownFileType = text.plist.xml; path = Info.plist; sourceTree = "<group>"; };
		9DFBE8C621413E4A003EE815 /* dahlia_blossom.jpeg */ = {isa = PBXFileReference; lastKnownFileType = image.jpeg; path = dahlia_blossom.jpeg; sourceTree = "<group>"; };
		9DFBE8C721413E4A003EE815 /* rose.jpeg */ = {isa = PBXFileReference; lastKnownFileType = image.jpeg; path = rose.jpeg; sourceTree = "<group>"; };
		9DFBE8C821413E4A003EE815 /* rose_victor.jpg */ = {isa = PBXFileReference; lastKnownFileType = image.jpeg; path = rose_victor.jpg; sourceTree = "<group>"; };
		9DFBE8CD21413E66003EE815 /* VKImageZoom.h */ = {isa = PBXFileReference; lastKnownFileType = sourcecode.c.h; path = VKImageZoom.h; sourceTree = "<group>"; };
		9DFBE8CE21413E66003EE815 /* VKImageZoom.m */ = {isa = PBXFileReference; lastKnownFileType = sourcecode.c.objc; path = VKImageZoom.m; sourceTree = "<group>"; };
/* End PBXFileReference section */

/* Begin PBXFrameworksBuildPhase section */
		9DFBE88D21413E10003EE815 /* Frameworks */ = {
			isa = PBXFrameworksBuildPhase;
			buildActionMask = 2147483647;
			files = (
			);
			runOnlyForDeploymentPostprocessing = 0;
		};
		9DFBE8A521413E11003EE815 /* Frameworks */ = {
			isa = PBXFrameworksBuildPhase;
			buildActionMask = 2147483647;
			files = (
			);
			runOnlyForDeploymentPostprocessing = 0;
		};
		9DFBE8B021413E11003EE815 /* Frameworks */ = {
			isa = PBXFrameworksBuildPhase;
			buildActionMask = 2147483647;
			files = (
			);
			runOnlyForDeploymentPostprocessing = 0;
		};
/* End PBXFrameworksBuildPhase section */

/* Begin PBXGroup section */
		9DFBE88721413E10003EE815 = {
			isa = PBXGroup;
			children = (
				9DFBE89221413E10003EE815 /* VKImageZoom */,
				9DFBE8AB21413E11003EE815 /* VKImageZoomTests */,
				9DFBE8B621413E11003EE815 /* VKImageZoomUITests */,
				9DFBE89121413E10003EE815 /* Products */,
			);
			sourceTree = "<group>";
		};
		9DFBE89121413E10003EE815 /* Products */ = {
			isa = PBXGroup;
			children = (
				9DFBE89021413E10003EE815 /* VKImageZoom.app */,
				9DFBE8A821413E11003EE815 /* VKImageZoomTests.xctest */,
				9DFBE8B321413E11003EE815 /* VKImageZoomUITests.xctest */,
			);
			name = Products;
			sourceTree = "<group>";
		};
		9DFBE89221413E10003EE815 /* VKImageZoom */ = {
			isa = PBXGroup;
			children = (
				9DFBE89321413E10003EE815 /* AppDelegate.h */,
				9DFBE89421413E10003EE815 /* AppDelegate.m */,
				9DFBE89621413E10003EE815 /* ViewController.h */,
				9DFBE89721413E10003EE815 /* ViewController.m */,
				9DFBE8C521413E4A003EE815 /* Images */,
				9DFBE8C921413E4A003EE815 /* VKImageZoom */,
				9DFBE89921413E10003EE815 /* Main.storyboard */,
				9DFBE89C21413E11003EE815 /* Assets.xcassets */,
				9DFBE89E21413E11003EE815 /* LaunchScreen.storyboard */,
				9DFBE8A121413E11003EE815 /* Info.plist */,
				9DFBE8A221413E11003EE815 /* main.m */,
			);
			path = VKImageZoom;
			sourceTree = "<group>";
		};
		9DFBE8AB21413E11003EE815 /* VKImageZoomTests */ = {
			isa = PBXGroup;
			children = (
				9DFBE8AC21413E11003EE815 /* VKImageZoomTests.m */,
				9DFBE8AE21413E11003EE815 /* Info.plist */,
			);
			path = VKImageZoomTests;
			sourceTree = "<group>";
		};
		9DFBE8B621413E11003EE815 /* VKImageZoomUITests */ = {
			isa = PBXGroup;
			children = (
				9DFBE8B721413E11003EE815 /* VKImageZoomUITests.m */,
				9DFBE8B921413E11003EE815 /* Info.plist */,
			);
			path = VKImageZoomUITests;
			sourceTree = "<group>";
		};
		9DFBE8C521413E4A003EE815 /* Images */ = {
			isa = PBXGroup;
			children = (
				9DFBE8C621413E4A003EE815 /* dahlia_blossom.jpeg */,
				9DFBE8C721413E4A003EE815 /* rose.jpeg */,
				9DFBE8C821413E4A003EE815 /* rose_victor.jpg */,
			);
			path = Images;
			sourceTree = "<group>";
		};
		9DFBE8C921413E4A003EE815 /* VKImageZoom */ = {
			isa = PBXGroup;
			children = (
				9DFBE8CD21413E66003EE815 /* VKImageZoom.h */,
				9DFBE8CE21413E66003EE815 /* VKImageZoom.m */,
			);
			path = VKImageZoom;
			sourceTree = "<group>";
		};
/* End PBXGroup section */

/* Begin PBXNativeTarget section */
		9DFBE88F21413E10003EE815 /* VKImageZoom */ = {
			isa = PBXNativeTarget;
			buildConfigurationList = 9DFBE8BC21413E11003EE815 /* Build configuration list for PBXNativeTarget "VKImageZoom" */;
			buildPhases = (
				9DFBE88C21413E10003EE815 /* Sources */,
				9DFBE88D21413E10003EE815 /* Frameworks */,
				9DFBE88E21413E10003EE815 /* Resources */,
			);
			buildRules = (
			);
			dependencies = (
			);
			name = VKImageZoom;
			productName = VKImageZoom;
			productReference = 9DFBE89021413E10003EE815 /* VKImageZoom.app */;
			productType = "com.apple.product-type.application";
		};
		9DFBE8A721413E11003EE815 /* VKImageZoomTests */ = {
			isa = PBXNativeTarget;
			buildConfigurationList = 9DFBE8BF21413E11003EE815 /* Build configuration list for PBXNativeTarget "VKImageZoomTests" */;
			buildPhases = (
				9DFBE8A421413E11003EE815 /* Sources */,
				9DFBE8A521413E11003EE815 /* Frameworks */,
				9DFBE8A621413E11003EE815 /* Resources */,
			);
			buildRules = (
			);
			dependencies = (
				9DFBE8AA21413E11003EE815 /* PBXTargetDependency */,
			);
			name = VKImageZoomTests;
			productName = VKImageZoomTests;
			productReference = 9DFBE8A821413E11003EE815 /* VKImageZoomTests.xctest */;
			productType = "com.apple.product-type.bundle.unit-test";
		};
		9DFBE8B221413E11003EE815 /* VKImageZoomUITests */ = {
			isa = PBXNativeTarget;
			buildConfigurationList = 9DFBE8C221413E11003EE815 /* Build configuration list for PBXNativeTarget "VKImageZoomUITests" */;
			buildPhases = (
				9DFBE8AF21413E11003EE815 /* Sources */,
				9DFBE8B021413E11003EE815 /* Frameworks */,
				9DFBE8B121413E11003EE815 /* Resources */,
			);
			buildRules = (
			);
			dependencies = (
				9DFBE8B521413E11003EE815 /* PBXTargetDependency */,
			);
			name = VKImageZoomUITests;
			productName = VKImageZoomUITests;
			productReference = 9DFBE8B321413E11003EE815 /* VKImageZoomUITests.xctest */;
			productType = "com.apple.product-type.bundle.ui-testing";
		};
/* End PBXNativeTarget section */

/* Begin PBXProject section */
		9DFBE88821413E10003EE815 /* Project object */ = {
			isa = PBXProject;
			attributes = {
				LastUpgradeCheck = 0940;
				ORGANIZATIONNAME = "Kondaiah Veeraboyina";
				TargetAttributes = {
					9DFBE88F21413E10003EE815 = {
						CreatedOnToolsVersion = 9.4.1;
					};
					9DFBE8A721413E11003EE815 = {
						CreatedOnToolsVersion = 9.4.1;
						TestTargetID = 9DFBE88F21413E10003EE815;
					};
					9DFBE8B221413E11003EE815 = {
						CreatedOnToolsVersion = 9.4.1;
						TestTargetID = 9DFBE88F21413E10003EE815;
					};
				};
			};
			buildConfigurationList = 9DFBE88B21413E10003EE815 /* Build configuration list for PBXProject "VKImageZoom" */;
			compatibilityVersion = "Xcode 9.3";
			developmentRegion = en;
			hasScannedForEncodings = 0;
			knownRegions = (
				en,
				Base,
			);
			mainGroup = 9DFBE88721413E10003EE815;
			productRefGroup = 9DFBE89121413E10003EE815 /* Products */;
			projectDirPath = "";
			projectRoot = "";
			targets = (
				9DFBE88F21413E10003EE815 /* VKImageZoom */,
				9DFBE8A721413E11003EE815 /* VKImageZoomTests */,
				9DFBE8B221413E11003EE815 /* VKImageZoomUITests */,
			);
		};
/* End PBXProject section */

/* Begin PBXResourcesBuildPhase section */
		9DFBE88E21413E10003EE815 /* Resources */ = {
			isa = PBXResourcesBuildPhase;
			buildActionMask = 2147483647;
			files = (
				9DFBE8CA21413E4A003EE815 /* dahlia_blossom.jpeg in Resources */,
				9DFBE8CC21413E4A003EE815 /* rose_victor.jpg in Resources */,
				9DFBE8CB21413E4A003EE815 /* rose.jpeg in Resources */,
				9DFBE8A021413E11003EE815 /* LaunchScreen.storyboard in Resources */,
				9DFBE89D21413E11003EE815 /* Assets.xcassets in Resources */,
				9DFBE89B21413E10003EE815 /* Main.storyboard in Resources */,
			);
			runOnlyForDeploymentPostprocessing = 0;
		};
		9DFBE8A621413E11003EE815 /* Resources */ = {
			isa = PBXResourcesBuildPhase;
			buildActionMask = 2147483647;
			files = (
			);
			runOnlyForDeploymentPostprocessing = 0;
		};
		9DFBE8B121413E11003EE815 /* Resources */ = {
			isa = PBXResourcesBuildPhase;
			buildActionMask = 2147483647;
			files = (
			);
			runOnlyForDeploymentPostprocessing = 0;
		};
/* End PBXResourcesBuildPhase section */

/* Begin PBXSourcesBuildPhase section */
		9DFBE88C21413E10003EE815 /* Sources */ = {
			isa = PBXSourcesBuildPhase;
			buildActionMask = 2147483647;
			files = (
				9DFBE89821413E10003EE815 /* ViewController.m in Sources */,
				9DFBE8CF21413E66003EE815 /* VKImageZoom.m in Sources */,
				9DFBE8A321413E11003EE815 /* main.m in Sources */,
				9DFBE89521413E10003EE815 /* AppDelegate.m in Sources */,
			);
			runOnlyForDeploymentPostprocessing = 0;
		};
		9DFBE8A421413E11003EE815 /* Sources */ = {
			isa = PBXSourcesBuildPhase;
			buildActionMask = 2147483647;
			files = (
				9DFBE8AD21413E11003EE815 /* VKImageZoomTests.m in Sources */,
			);
			runOnlyForDeploymentPostprocessing = 0;
		};
		9DFBE8AF21413E11003EE815 /* Sources */ = {
			isa = PBXSourcesBuildPhase;
			buildActionMask = 2147483647;
			files = (
				9DFBE8B821413E11003EE815 /* VKImageZoomUITests.m in Sources */,
			);
			runOnlyForDeploymentPostprocessing = 0;
		};
/* End PBXSourcesBuildPhase section */

/* Begin PBXTargetDependency section */
		9DFBE8AA21413E11003EE815 /* PBXTargetDependency */ = {
			isa = PBXTargetDependency;
			target = 9DFBE88F21413E10003EE815 /* VKImageZoom */;
			targetProxy = 9DFBE8A921413E11003EE815 /* PBXContainerItemProxy */;
		};
		9DFBE8B521413E11003EE815 /* PBXTargetDependency */ = {
			isa = PBXTargetDependency;
			target = 9DFBE88F21413E10003EE815 /* VKImageZoom */;
			targetProxy = 9DFBE8B421413E11003EE815 /* PBXContainerItemProxy */;
		};
/* End PBXTargetDependency section */

/* Begin PBXVariantGroup section */
		9DFBE89921413E10003EE815 /* Main.storyboard */ = {
			isa = PBXVariantGroup;
			children = (
				9DFBE89A21413E10003EE815 /* Base */,
			);
			name = Main.storyboard;
			sourceTree = "<group>";
		};
		9DFBE89E21413E11003EE815 /* LaunchScreen.storyboard */ = {
			isa = PBXVariantGroup;
			children = (
				9DFBE89F21413E11003EE815 /* Base */,
			);
			name = LaunchScreen.storyboard;
			sourceTree = "<group>";
		};
/* End PBXVariantGroup section */

/* Begin XCBuildConfiguration section */
		9DFBE8BA21413E11003EE815 /* Debug */ = {
			isa = XCBuildConfiguration;
			buildSettings = {
				ALWAYS_SEARCH_USER_PATHS = NO;
				CLANG_ANALYZER_NONNULL = YES;
				CLANG_ANALYZER_NUMBER_OBJECT_CONVERSION = YES_AGGRESSIVE;
				CLANG_CXX_LANGUAGE_STANDARD = "gnu++14";
				CLANG_CXX_LIBRARY = "libc++";
				CLANG_ENABLE_MODULES = YES;
				CLANG_ENABLE_OBJC_ARC = YES;
				CLANG_ENABLE_OBJC_WEAK = YES;
				CLANG_WARN_BLOCK_CAPTURE_AUTORELEASING = YES;
				CLANG_WARN_BOOL_CONVERSION = YES;
				CLANG_WARN_COMMA = YES;
				CLANG_WARN_CONSTANT_CONVERSION = YES;
				CLANG_WARN_DEPRECATED_OBJC_IMPLEMENTATIONS = YES;
				CLANG_WARN_DIRECT_OBJC_ISA_USAGE = YES_ERROR;
				CLANG_WARN_DOCUMENTATION_COMMENTS = YES;
				CLANG_WARN_EMPTY_BODY = YES;
				CLANG_WARN_ENUM_CONVERSION = YES;
				CLANG_WARN_INFINITE_RECURSION = YES;
				CLANG_WARN_INT_CONVERSION = YES;
				CLANG_WARN_NON_LITERAL_NULL_CONVERSION = YES;
				CLANG_WARN_OBJC_IMPLICIT_RETAIN_SELF = YES;
				CLANG_WARN_OBJC_LITERAL_CONVERSION = YES;
				CLANG_WARN_OBJC_ROOT_CLASS = YES_ERROR;
				CLANG_WARN_RANGE_LOOP_ANALYSIS = YES;
				CLANG_WARN_STRICT_PROTOTYPES = YES;
				CLANG_WARN_SUSPICIOUS_MOVE = YES;
				CLANG_WARN_UNGUARDED_AVAILABILITY = YES_AGGRESSIVE;
				CLANG_WARN_UNREACHABLE_CODE = YES;
				CLANG_WARN__DUPLICATE_METHOD_MATCH = YES;
				CODE_SIGN_IDENTITY = "iPhone Developer";
				COPY_PHASE_STRIP = NO;
				DEBUG_INFORMATION_FORMAT = dwarf;
				ENABLE_STRICT_OBJC_MSGSEND = YES;
				ENABLE_TESTABILITY = YES;
				GCC_C_LANGUAGE_STANDARD = gnu11;
				GCC_DYNAMIC_NO_PIC = NO;
				GCC_NO_COMMON_BLOCKS = YES;
				GCC_OPTIMIZATION_LEVEL = 0;
				GCC_PREPROCESSOR_DEFINITIONS = (
					"DEBUG=1",
					"$(inherited)",
				);
				GCC_WARN_64_TO_32_BIT_CONVERSION = YES;
				GCC_WARN_ABOUT_RETURN_TYPE = YES_ERROR;
				GCC_WARN_UNDECLARED_SELECTOR = YES;
				GCC_WARN_UNINITIALIZED_AUTOS = YES_AGGRESSIVE;
				GCC_WARN_UNUSED_FUNCTION = YES;
				GCC_WARN_UNUSED_VARIABLE = YES;
				IPHONEOS_DEPLOYMENT_TARGET = 8.0;
				MTL_ENABLE_DEBUG_INFO = YES;
				ONLY_ACTIVE_ARCH = YES;
				SDKROOT = iphoneos;
			};
			name = Debug;
		};
		9DFBE8BB21413E11003EE815 /* Release */ = {
			isa = XCBuildConfiguration;
			buildSettings = {
				ALWAYS_SEARCH_USER_PATHS = NO;
				CLANG_ANALYZER_NONNULL = YES;
				CLANG_ANALYZER_NUMBER_OBJECT_CONVERSION = YES_AGGRESSIVE;
				CLANG_CXX_LANGUAGE_STANDARD = "gnu++14";
				CLANG_CXX_LIBRARY = "libc++";
				CLANG_ENABLE_MODULES = YES;
				CLANG_ENABLE_OBJC_ARC = YES;
				CLANG_ENABLE_OBJC_WEAK = YES;
				CLANG_WARN_BLOCK_CAPTURE_AUTORELEASING = YES;
				CLANG_WARN_BOOL_CONVERSION = YES;
				CLANG_WARN_COMMA = YES;
				CLANG_WARN_CONSTANT_CONVERSION = YES;
				CLANG_WARN_DEPRECATED_OBJC_IMPLEMENTATIONS = YES;
				CLANG_WARN_DIRECT_OBJC_ISA_USAGE = YES_ERROR;
				CLANG_WARN_DOCUMENTATION_COMMENTS = YES;
				CLANG_WARN_EMPTY_BODY = YES;
				CLANG_WARN_ENUM_CONVERSION = YES;
				CLANG_WARN_INFINITE_RECURSION = YES;
				CLANG_WARN_INT_CONVERSION = YES;
				CLANG_WARN_NON_LITERAL_NULL_CONVERSION = YES;
				CLANG_WARN_OBJC_IMPLICIT_RETAIN_SELF = YES;
				CLANG_WARN_OBJC_LITERAL_CONVERSION = YES;
				CLANG_WARN_OBJC_ROOT_CLASS = YES_ERROR;
				CLANG_WARN_RANGE_LOOP_ANALYSIS = YES;
				CLANG_WARN_STRICT_PROTOTYPES = YES;
				CLANG_WARN_SUSPICIOUS_MOVE = YES;
				CLANG_WARN_UNGUARDED_AVAILABILITY = YES_AGGRESSIVE;
				CLANG_WARN_UNREACHABLE_CODE = YES;
				CLANG_WARN__DUPLICATE_METHOD_MATCH = YES;
				CODE_SIGN_IDENTITY = "iPhone Developer";
				COPY_PHASE_STRIP = NO;
				DEBUG_INFORMATION_FORMAT = "dwarf-with-dsym";
				ENABLE_NS_ASSERTIONS = NO;
				ENABLE_STRICT_OBJC_MSGSEND = YES;
				GCC_C_LANGUAGE_STANDARD = gnu11;
				GCC_NO_COMMON_BLOCKS = YES;
				GCC_WARN_64_TO_32_BIT_CONVERSION = YES;
				GCC_WARN_ABOUT_RETURN_TYPE = YES_ERROR;
				GCC_WARN_UNDECLARED_SELECTOR = YES;
				GCC_WARN_UNINITIALIZED_AUTOS = YES_AGGRESSIVE;
				GCC_WARN_UNUSED_FUNCTION = YES;
				GCC_WARN_UNUSED_VARIABLE = YES;
				IPHONEOS_DEPLOYMENT_TARGET = 8.0;
				MTL_ENABLE_DEBUG_INFO = NO;
				SDKROOT = iphoneos;
				VALIDATE_PRODUCT = YES;
			};
			name = Release;
		};
		9DFBE8BD21413E11003EE815 /* Debug */ = {
			isa = XCBuildConfiguration;
			buildSettings = {
				ASSETCATALOG_COMPILER_APPICON_NAME = AppIcon;
				CODE_SIGN_STYLE = Manual;
				DEVELOPMENT_TEAM = "";
				INFOPLIST_FILE = VKImageZoom/Info.plist;
				IPHONEOS_DEPLOYMENT_TARGET = 8.0;
				LD_RUNPATH_SEARCH_PATHS = (
					"$(inherited)",
					"@executable_path/Frameworks",
				);
				PRODUCT_BUNDLE_IDENTIFIER = com.VKImageZoom;
				PRODUCT_NAME = "$(TARGET_NAME)";
				PROVISIONING_PROFILE_SPECIFIER = "";
				TARGETED_DEVICE_FAMILY = "1,2";
			};
			name = Debug;
		};
		9DFBE8BE21413E11003EE815 /* Release */ = {
			isa = XCBuildConfiguration;
			buildSettings = {
				ASSETCATALOG_COMPILER_APPICON_NAME = AppIcon;
				CODE_SIGN_STYLE = Manual;
				DEVELOPMENT_TEAM = "";
				INFOPLIST_FILE = VKImageZoom/Info.plist;
				IPHONEOS_DEPLOYMENT_TARGET = 8.0;
				LD_RUNPATH_SEARCH_PATHS = (
					"$(inherited)",
					"@executable_path/Frameworks",
				);
				PRODUCT_BUNDLE_IDENTIFIER = com.VKImageZoom;
				PRODUCT_NAME = "$(TARGET_NAME)";
				PROVISIONING_PROFILE_SPECIFIER = "";
				TARGETED_DEVICE_FAMILY = "1,2";
			};
			name = Release;
		};
		9DFBE8C021413E11003EE815 /* Debug */ = {
			isa = XCBuildConfiguration;
			buildSettings = {
				BUNDLE_LOADER = "$(TEST_HOST)";
				CODE_SIGN_STYLE = Automatic;
				INFOPLIST_FILE = VKImageZoomTests/Info.plist;
				LD_RUNPATH_SEARCH_PATHS = (
					"$(inherited)",
					"@executable_path/Frameworks",
					"@loader_path/Frameworks",
				);
				PRODUCT_BUNDLE_IDENTIFIER = com.VKImageZoomTests;
				PRODUCT_NAME = "$(TARGET_NAME)";
				TARGETED_DEVICE_FAMILY = "1,2";
				TEST_HOST = "$(BUILT_PRODUCTS_DIR)/VKImageZoom.app/VKImageZoom";
			};
			name = Debug;
		};
		9DFBE8C121413E11003EE815 /* Release */ = {
			isa = XCBuildConfiguration;
			buildSettings = {
				BUNDLE_LOADER = "$(TEST_HOST)";
				CODE_SIGN_STYLE = Automatic;
				INFOPLIST_FILE = VKImageZoomTests/Info.plist;
				LD_RUNPATH_SEARCH_PATHS = (
					"$(inherited)",
					"@executable_path/Frameworks",
					"@loader_path/Frameworks",
				);
				PRODUCT_BUNDLE_IDENTIFIER = com.VKImageZoomTests;
				PRODUCT_NAME = "$(TARGET_NAME)";
				TARGETED_DEVICE_FAMILY = "1,2";
				TEST_HOST = "$(BUILT_PRODUCTS_DIR)/VKImageZoom.app/VKImageZoom";
			};
			name = Release;
		};
		9DFBE8C321413E11003EE815 /* Debug */ = {
			isa = XCBuildConfiguration;
			buildSettings = {
				CODE_SIGN_STYLE = Automatic;
				INFOPLIST_FILE = VKImageZoomUITests/Info.plist;
				LD_RUNPATH_SEARCH_PATHS = (
					"$(inherited)",
					"@executable_path/Frameworks",
					"@loader_path/Frameworks",
				);
				PRODUCT_BUNDLE_IDENTIFIER = com.VKImageZoomUITests;
				PRODUCT_NAME = "$(TARGET_NAME)";
				TARGETED_DEVICE_FAMILY = "1,2";
				TEST_TARGET_NAME = VKImageZoom;
			};
			name = Debug;
		};
		9DFBE8C421413E11003EE815 /* Release */ = {
			isa = XCBuildConfiguration;
			buildSettings = {
				CODE_SIGN_STYLE = Automatic;
				INFOPLIST_FILE = VKImageZoomUITests/Info.plist;
				LD_RUNPATH_SEARCH_PATHS = (
					"$(inherited)",
					"@executable_path/Frameworks",
					"@loader_path/Frameworks",
				);
				PRODUCT_BUNDLE_IDENTIFIER = com.VKImageZoomUITests;
				PRODUCT_NAME = "$(TARGET_NAME)";
				TARGETED_DEVICE_FAMILY = "1,2";
				TEST_TARGET_NAME = VKImageZoom;
			};
			name = Release;
		};
/* End XCBuildConfiguration section */

/* Begin XCConfigurationList section */
		9DFBE88B21413E10003EE815 /* Build configuration list for PBXProject "VKImageZoom" */ = {
			isa = XCConfigurationList;
			buildConfigurations = (
				9DFBE8BA21413E11003EE815 /* Debug */,
				9DFBE8BB21413E11003EE815 /* Release */,
			);
			defaultConfigurationIsVisible = 0;
			defaultConfigurationName = Release;
		};
		9DFBE8BC21413E11003EE815 /* Build configuration list for PBXNativeTarget "VKImageZoom" */ = {
			isa = XCConfigurationList;
			buildConfigurations = (
				9DFBE8BD21413E11003EE815 /* Debug */,
				9DFBE8BE21413E11003EE815 /* Release */,
			);
			defaultConfigurationIsVisible = 0;
			defaultConfigurationName = Release;
		};
		9DFBE8BF21413E11003EE815 /* Build configuration list for PBXNativeTarget "VKImageZoomTests" */ = {
			isa = XCConfigurationList;
			buildConfigurations = (
				9DFBE8C021413E11003EE815 /* Debug */,
				9DFBE8C121413E11003EE815 /* Release */,
			);
			defaultConfigurationIsVisible = 0;
			defaultConfigurationName = Release;
		};
		9DFBE8C221413E11003EE815 /* Build configuration list for PBXNativeTarget "VKImageZoomUITests" */ = {
			isa = XCConfigurationList;
			buildConfigurations = (
				9DFBE8C321413E11003EE815 /* Debug */,
				9DFBE8C421413E11003EE815 /* Release */,
			);
			defaultConfigurationIsVisible = 0;
			defaultConfigurationName = Release;
		};
/* End XCConfigurationList section */
	};
	rootObject = 9DFBE88821413E10003EE815 /* Project object */;
}
